
Microsoft Visual Studio Solution File, Format Version 12.00
# Visual Studio 2012
Project("{FAE04EC0-301F-11D3-BF4B-00C04F79EFBC}") = "LedArray_41", "LedArray\LedArray_41\LedArray_41.csproj", "{BA500E5E-DEF7-4098-96D5-022F0D5D1FF9}"
EndProject
Project("{FAE04EC0-301F-11D3-BF4B-00C04F79EFBC}") = "LedArray_42", "LedArray\LedArray_42\LedArray_42.csproj", "{6288EC6A-4487-48F0-8341-A9B883BAE3D7}"
EndProject
Project("{FAE04EC0-301F-11D3-BF4B-00C04F79EFBC}") = "LedArray_43", "LedArray\LedArray_43\LedArray_43.csproj", "{93397EC8-98DC-4CBD-BBEE-AB3C4C94DDFD}"
EndProject
Project("{FAE04EC0-301F-11D3-BF4B-00C04F79EFBC}") = "LedArray", "LedArray\LedArray\LedArray.csproj", "{8E7CCFA7-868B-4539-8582-FD63E9ED04FA}"
EndProject
Project("{FAE04EC0-301F-11D3-BF4B-00C04F79EFBC}") = "TestApp", "TestApp\TestApp.csproj", "{808683B6-351F-4CF2-A9F5-A580B9D201A1}"
EndProject
Global
	GlobalSection(SolutionConfigurationPlatforms) = preSolution
		Debug|Any CPU = Debug|Any CPU
		Release|Any CPU = Release|Any CPU
	EndGlobalSection
	GlobalSection(ProjectConfigurationPlatforms) = postSolution
		{BA500E5E-DEF7-4098-96D5-022F0D5D1FF9}.Debug|Any CPU.ActiveCfg = Debug|Any CPU
		{BA500E5E-DEF7-4098-96D5-022F0D5D1FF9}.Debug|Any CPU.Build.0 = Debug|Any CPU
		{BA500E5E-DEF7-4098-96D5-022F0D5D1FF9}.Release|Any CPU.ActiveCfg = Release|Any CPU
		{BA500E5E-DEF7-4098-96D5-022F0D5D1FF9}.Release|Any CPU.Build.0 = Release|Any CPU
		{6288EC6A-4487-48F0-8341-A9B883BAE3D7}.Debug|Any CPU.ActiveCfg = Debug|Any CPU
		{6288EC6A-4487-48F0-8341-A9B883BAE3D7}.Debug|Any CPU.Build.0 = Debug|Any CPU
		{6288EC6A-4487-48F0-8341-A9B883BAE3D7}.Release|Any CPU.ActiveCfg = Release|Any CPU
		{6288EC6A-4487-48F0-8341-A9B883BAE3D7}.Release|Any CPU.Build.0 = Release|Any CPU
		{93397EC8-98DC-4CBD-BBEE-AB3C4C94DDFD}.Debug|Any CPU.ActiveCfg = Debug|Any CPU
		{93397EC8-98DC-4CBD-BBEE-AB3C4C94DDFD}.Debug|Any CPU.Build.0 = Debug|Any CPU
		{93397EC8-98DC-4CBD-BBEE-AB3C4C94DDFD}.Release|Any CPU.ActiveCfg = Release|Any CPU
		{93397EC8-98DC-4CBD-BBEE-AB3C4C94DDFD}.Release|Any CPU.Build.0 = Release|Any CPU
		{8E7CCFA7-868B-4539-8582-FD63E9ED04FA}.Debug|Any CPU.ActiveCfg = Debug|Any CPU
		{8E7CCFA7-868B-4539-8582-FD63E9ED04FA}.Debug|Any CPU.Build.0 = Debug|Any CPU
		{8E7CCFA7-868B-4539-8582-FD63E9ED04FA}.Release|Any CPU.ActiveCfg = Release|Any CPU
		{8E7CCFA7-868B-4539-8582-FD63E9ED04FA}.Release|Any CPU.Build.0 = Release|Any CPU
		{808683B6-351F-4CF2-A9F5-A580B9D201A1}.Debug|Any CPU.ActiveCfg = Debug|Any CPU
		{808683B6-351F-4CF2-A9F5-A580B9D201A1}.Debug|Any CPU.Build.0 = Debug|Any CPU
		{808683B6-351F-4CF2-A9F5-A580B9D201A1}.Debug|Any CPU.Deploy.0 = Debug|Any CPU
		{808683B6-351F-4CF2-A9F5-A580B9D201A1}.Release|Any CPU.ActiveCfg = Release|Any CPU
		{808683B6-351F-4CF2-A9F5-A580B9D201A1}.Release|Any CPU.Build.0 = Release|Any CPU
		{808683B6-351F-4CF2-A9F5-A580B9D201A1}.Release|Any CPU.Deploy.0 = Release|Any CPU
	EndGlobalSection
	GlobalSection(SolutionProperties) = preSolution
		HideSolutionNode = FALSE
	EndGlobalSection
EndGlobal
